
Microsoft Visual Studio Solution File, Format Version 12.00
# Visual Studio Version 17
VisualStudioVersion = 17.10.35122.118
MinimumVisualStudioVersion = 10.0.40219.1
Project("{9A19103F-16F7-4668-BE54-9A1E7A4F7556}") = "AccountOwnerServer", "AccountOwnerServer\AccountOwnerServer.csproj", "{12930CDE-B832-4157-85D4-55F5E25639F5}"
EndProject
Project("{9A19103F-16F7-4668-BE54-9A1E7A4F7556}") = "IRepository", "Contracts\IRepository.csproj", "{653F5742-5503-49B8-931E-ADDC6D153200}"
EndProject
Project("{9A19103F-16F7-4668-BE54-9A1E7A4F7556}") = "LoggerService", "LoggerService\LoggerService.csproj", "{74743134-6498-45F0-9427-FA92324F6926}"
EndProject
Project("{9A19103F-16F7-4668-BE54-9A1E7A4F7556}") = "Entities", "Entities\Entities.csproj", "{8A537A01-E92A-49D1-8F2E-DA237BE3727A}"
EndProject
Project("{FAE04EC0-301F-11D3-BF4B-00C04F79EFBC}") = "Repository", "Repository\Repository.csproj", "{5E9800FA-32F4-4048-86E1-80E1C286A26E}"
EndProject
Global
	GlobalSection(SolutionConfigurationPlatforms) = preSolution
		Debug|Any CPU = Debug|Any CPU
		Release|Any CPU = Release|Any CPU
	EndGlobalSection
	GlobalSection(ProjectConfigurationPlatforms) = postSolution
		{12930CDE-B832-4157-85D4-55F5E25639F5}.Debug|Any CPU.ActiveCfg = Debug|Any CPU
		{12930CDE-B832-4157-85D4-55F5E25639F5}.Debug|Any CPU.Build.0 = Debug|Any CPU
		{12930CDE-B832-4157-85D4-55F5E25639F5}.Release|Any CPU.ActiveCfg = Release|Any CPU
		{12930CDE-B832-4157-85D4-55F5E25639F5}.Release|Any CPU.Build.0 = Release|Any CPU
		{653F5742-5503-49B8-931E-ADDC6D153200}.Debug|Any CPU.ActiveCfg = Debug|Any CPU
		{653F5742-5503-49B8-931E-ADDC6D153200}.Debug|Any CPU.Build.0 = Debug|Any CPU
		{653F5742-5503-49B8-931E-ADDC6D153200}.Release|Any CPU.ActiveCfg = Release|Any CPU
		{653F5742-5503-49B8-931E-ADDC6D153200}.Release|Any CPU.Build.0 = Release|Any CPU
		{74743134-6498-45F0-9427-FA92324F6926}.Debug|Any CPU.ActiveCfg = Debug|Any CPU
		{74743134-6498-45F0-9427-FA92324F6926}.Debug|Any CPU.Build.0 = Debug|Any CPU
		{74743134-6498-45F0-9427-FA92324F6926}.Release|Any CPU.ActiveCfg = Release|Any CPU
		{74743134-6498-45F0-9427-FA92324F6926}.Release|Any CPU.Build.0 = Release|Any CPU
		{8A537A01-E92A-49D1-8F2E-DA237BE3727A}.Debug|Any CPU.ActiveCfg = Debug|Any CPU
		{8A537A01-E92A-49D1-8F2E-DA237BE3727A}.Debug|Any CPU.Build.0 = Debug|Any CPU
		{8A537A01-E92A-49D1-8F2E-DA237BE3727A}.Release|Any CPU.ActiveCfg = Release|Any CPU
		{8A537A01-E92A-49D1-8F2E-DA237BE3727A}.Release|Any CPU.Build.0 = Release|Any CPU
		{5E9800FA-32F4-4048-86E1-80E1C286A26E}.Debug|Any CPU.ActiveCfg = Debug|Any CPU
		{5E9800FA-32F4-4048-86E1-80E1C286A26E}.Debug|Any CPU.Build.0 = Debug|Any CPU
		{5E9800FA-32F4-4048-86E1-80E1C286A26E}.Release|Any CPU.ActiveCfg = Release|Any CPU
		{5E9800FA-32F4-4048-86E1-80E1C286A26E}.Release|Any CPU.Build.0 = Release|Any CPU
	EndGlobalSection
	GlobalSection(SolutionProperties) = preSolution
		HideSolutionNode = FALSE
	EndGlobalSection
	GlobalSection(ExtensibilityGlobals) = postSolution
		SolutionGuid = {8970BEC0-004A-4F2E-828F-E4718E8E528D}
	EndGlobalSection
EndGlobal
